
Microsoft Visual Studio Solution File, Format Version 12.00
# Visual Studio Version 17
VisualStudioVersion = 17.3.32825.248
MinimumVisualStudioVersion = 10.0.40219.1
Project("{8BC9CEB8-8B4A-11D0-8D11-00A0C91BC942}") = "SonarSweep1", "SonarSweep1\SonarSweep1.vcxproj", "{1B60323B-CF64-4179-85F8-D274C1967681}"
EndProject
Project("{8BC9CEB8-8B4A-11D0-8D11-00A0C91BC942}") = "Dive_day2", "Dive_day2\Dive_day2.vcxproj", "{46288F50-5225-4CFE-B1CF-BB40F43EBBEE}"
EndProject
Project("{8BC9CEB8-8B4A-11D0-8D11-00A0C91BC942}") = "Binary_day3", "Binary_day3\Binary_day3.vcxproj", "{52B9CB55-EA0F-45EA-8B38-E7E2353DEDA0}"
EndProject
Project("{8BC9CEB8-8B4A-11D0-8D11-00A0C91BC942}") = "BingoDay4", "BingoDay4\BingoDay4.vcxproj", "{EE63E576-E5F6-4BA9-981B-1DC8DB00DC2C}"
EndProject
Project("{8BC9CEB8-8B4A-11D0-8D11-00A0C91BC942}") = "Venture_Day5", "Venture_Day5\Venture_Day5.vcxproj", "{E931F15C-6B40-49F8-A963-EDD861CEBF15}"
EndProject
Project("{8BC9CEB8-8B4A-11D0-8D11-00A0C91BC942}") = "lanternfish_day6", "lanternfish_day6\lanternfish_day6.vcxproj", "{E9B07B3C-1B38-4B62-9EF8-7372EDAE3E77}"
EndProject
Project("{8BC9CEB8-8B4A-11D0-8D11-00A0C91BC942}") = "crabs_day7", "crabs_day7\crabs_day7.vcxproj", "{08798428-1941-4C12-8FD4-D74330E3B9D4}"
EndProject
Project("{888888A0-9F3D-457C-B088-3A5042F75D52}") = "day8", "day8\day8.pyproj", "{6C4F7AB0-CE9B-453D-8E27-6872F2F188D2}"
EndProject
Project("{888888A0-9F3D-457C-B088-3A5042F75D52}") = "day9", "day9\day9.pyproj", "{BA6ADF83-634B-4671-86C2-BC49D1A95CE1}"
EndProject
Global
	GlobalSection(SolutionConfigurationPlatforms) = preSolution
		Debug|Any CPU = Debug|Any CPU
		Debug|x64 = Debug|x64
		Debug|x86 = Debug|x86
		Release|Any CPU = Release|Any CPU
		Release|x64 = Release|x64
		Release|x86 = Release|x86
	EndGlobalSection
	GlobalSection(ProjectConfigurationPlatforms) = postSolution
		{1B60323B-CF64-4179-85F8-D274C1967681}.Debug|Any CPU.ActiveCfg = Debug|x64
		{1B60323B-CF64-4179-85F8-D274C1967681}.Debug|Any CPU.Build.0 = Debug|x64
		{1B60323B-CF64-4179-85F8-D274C1967681}.Debug|x64.ActiveCfg = Debug|x64
		{1B60323B-CF64-4179-85F8-D274C1967681}.Debug|x64.Build.0 = Debug|x64
		{1B60323B-CF64-4179-85F8-D274C1967681}.Debug|x86.ActiveCfg = Debug|Win32
		{1B60323B-CF64-4179-85F8-D274C1967681}.Debug|x86.Build.0 = Debug|Win32
		{1B60323B-CF64-4179-85F8-D274C1967681}.Release|Any CPU.ActiveCfg = Release|x64
		{1B60323B-CF64-4179-85F8-D274C1967681}.Release|Any CPU.Build.0 = Release|x64
		{1B60323B-CF64-4179-85F8-D274C1967681}.Release|x64.ActiveCfg = Release|x64
		{1B60323B-CF64-4179-85F8-D274C1967681}.Release|x64.Build.0 = Release|x64
		{1B60323B-CF64-4179-85F8-D274C1967681}.Release|x86.ActiveCfg = Release|Win32
		{1B60323B-CF64-4179-85F8-D274C1967681}.Release|x86.Build.0 = Release|Win32
		{46288F50-5225-4CFE-B1CF-BB40F43EBBEE}.Debug|Any CPU.ActiveCfg = Debug|x64
		{46288F50-5225-4CFE-B1CF-BB40F43EBBEE}.Debug|Any CPU.Build.0 = Debug|x64
		{46288F50-5225-4CFE-B1CF-BB40F43EBBEE}.Debug|x64.ActiveCfg = Debug|x64
		{46288F50-5225-4CFE-B1CF-BB40F43EBBEE}.Debug|x64.Build.0 = Debug|x64
		{46288F50-5225-4CFE-B1CF-BB40F43EBBEE}.Debug|x86.ActiveCfg = Debug|Win32
		{46288F50-5225-4CFE-B1CF-BB40F43EBBEE}.Debug|x86.Build.0 = Debug|Win32
		{46288F50-5225-4CFE-B1CF-BB40F43EBBEE}.Release|Any CPU.ActiveCfg = Release|x64
		{46288F50-5225-4CFE-B1CF-BB40F43EBBEE}.Release|Any CPU.Build.0 = Release|x64
		{46288F50-5225-4CFE-B1CF-BB40F43EBBEE}.Release|x64.ActiveCfg = Release|x64
		{46288F50-5225-4CFE-B1CF-BB40F43EBBEE}.Release|x64.Build.0 = Release|x64
		{46288F50-5225-4CFE-B1CF-BB40F43EBBEE}.Release|x86.ActiveCfg = Release|Win32
		{46288F50-5225-4CFE-B1CF-BB40F43EBBEE}.Release|x86.Build.0 = Release|Win32
		{52B9CB55-EA0F-45EA-8B38-E7E2353DEDA0}.Debug|Any CPU.ActiveCfg = Debug|x64
		{52B9CB55-EA0F-45EA-8B38-E7E2353DEDA0}.Debug|Any CPU.Build.0 = Debug|x64
		{52B9CB55-EA0F-45EA-8B38-E7E2353DEDA0}.Debug|x64.ActiveCfg = Debug|x64
		{52B9CB55-EA0F-45EA-8B38-E7E2353DEDA0}.Debug|x64.Build.0 = Debug|x64
		{52B9CB55-EA0F-45EA-8B38-E7E2353DEDA0}.Debug|x86.ActiveCfg = Debug|Win32
		{52B9CB55-EA0F-45EA-8B38-E7E2353DEDA0}.Debug|x86.Build.0 = Debug|Win32
		{52B9CB55-EA0F-45EA-8B38-E7E2353DEDA0}.Release|Any CPU.ActiveCfg = Release|x64
		{52B9CB55-EA0F-45EA-8B38-E7E2353DEDA0}.Release|Any CPU.Build.0 = Release|x64
		{52B9CB55-EA0F-45EA-8B38-E7E2353DEDA0}.Release|x64.ActiveCfg = Release|x64
		{52B9CB55-EA0F-45EA-8B38-E7E2353DEDA0}.Release|x64.Build.0 = Release|x64
		{52B9CB55-EA0F-45EA-8B38-E7E2353DEDA0}.Release|x86.ActiveCfg = Release|Win32
		{52B9CB55-EA0F-45EA-8B38-E7E2353DEDA0}.Release|x86.Build.0 = Release|Win32
		{EE63E576-E5F6-4BA9-981B-1DC8DB00DC2C}.Debug|Any CPU.ActiveCfg = Debug|x64
		{EE63E576-E5F6-4BA9-981B-1DC8DB00DC2C}.Debug|Any CPU.Build.0 = Debug|x64
		{EE63E576-E5F6-4BA9-981B-1DC8DB00DC2C}.Debug|x64.ActiveCfg = Debug|x64
		{EE63E576-E5F6-4BA9-981B-1DC8DB00DC2C}.Debug|x64.Build.0 = Debug|x64
		{EE63E576-E5F6-4BA9-981B-1DC8DB00DC2C}.Debug|x86.ActiveCfg = Debug|Win32
		{EE63E576-E5F6-4BA9-981B-1DC8DB00DC2C}.Debug|x86.Build.0 = Debug|Win32
		{EE63E576-E5F6-4BA9-981B-1DC8DB00DC2C}.Release|Any CPU.ActiveCfg = Release|x64
		{EE63E576-E5F6-4BA9-981B-1DC8DB00DC2C}.Release|Any CPU.Build.0 = Release|x64
		{EE63E576-E5F6-4BA9-981B-1DC8DB00DC2C}.Release|x64.ActiveCfg = Release|x64
		{EE63E576-E5F6-4BA9-981B-1DC8DB00DC2C}.Release|x64.Build.0 = Release|x64
		{EE63E576-E5F6-4BA9-981B-1DC8DB00DC2C}.Release|x86.ActiveCfg = Release|Win32
		{EE63E576-E5F6-4BA9-981B-1DC8DB00DC2C}.Release|x86.Build.0 = Release|Win32
		{E931F15C-6B40-49F8-A963-EDD861CEBF15}.Debug|Any CPU.ActiveCfg = Debug|x64
		{E931F15C-6B40-49F8-A963-EDD861CEBF15}.Debug|Any CPU.Build.0 = Debug|x64
		{E931F15C-6B40-49F8-A963-EDD861CEBF15}.Debug|x64.ActiveCfg = Debug|x64
		{E931F15C-6B40-49F8-A963-EDD861CEBF15}.Debug|x64.Build.0 = Debug|x64
		{E931F15C-6B40-49F8-A963-EDD861CEBF15}.Debug|x86.ActiveCfg = Debug|Win32
		{E931F15C-6B40-49F8-A963-EDD861CEBF15}.Debug|x86.Build.0 = Debug|Win32
		{E931F15C-6B40-49F8-A963-EDD861CEBF15}.Release|Any CPU.ActiveCfg = Release|x64
		{E931F15C-6B40-49F8-A963-EDD861CEBF15}.Release|Any CPU.Build.0 = Release|x64
		{E931F15C-6B40-49F8-A963-EDD861CEBF15}.Release|x64.ActiveCfg = Release|x64
		{E931F15C-6B40-49F8-A963-EDD861CEBF15}.Release|x64.Build.0 = Release|x64
		{E931F15C-6B40-49F8-A963-EDD861CEBF15}.Release|x86.ActiveCfg = Release|Win32
		{E931F15C-6B40-49F8-A963-EDD861CEBF15}.Release|x86.Build.0 = Release|Win32
		{E9B07B3C-1B38-4B62-9EF8-7372EDAE3E77}.Debug|Any CPU.ActiveCfg = Debug|x64
		{E9B07B3C-1B38-4B62-9EF8-7372EDAE3E77}.Debug|Any CPU.Build.0 = Debug|x64
		{E9B07B3C-1B38-4B62-9EF8-7372EDAE3E77}.Debug|x64.ActiveCfg = Debug|x64
		{E9B07B3C-1B38-4B62-9EF8-7372EDAE3E77}.Debug|x64.Build.0 = Debug|x64
		{E9B07B3C-1B38-4B62-9EF8-7372EDAE3E77}.Debug|x86.ActiveCfg = Debug|Win32
		{E9B07B3C-1B38-4B62-9EF8-7372EDAE3E77}.Debug|x86.Build.0 = Debug|Win32
		{E9B07B3C-1B38-4B62-9EF8-7372EDAE3E77}.Release|Any CPU.ActiveCfg = Release|x64
		{E9B07B3C-1B38-4B62-9EF8-7372EDAE3E77}.Release|Any CPU.Build.0 = Release|x64
		{E9B07B3C-1B38-4B62-9EF8-7372EDAE3E77}.Release|x64.ActiveCfg = Release|x64
		{E9B07B3C-1B38-4B62-9EF8-7372EDAE3E77}.Release|x64.Build.0 = Release|x64
		{E9B07B3C-1B38-4B62-9EF8-7372EDAE3E77}.Release|x86.ActiveCfg = Release|Win32
		{E9B07B3C-1B38-4B62-9EF8-7372EDAE3E77}.Release|x86.Build.0 = Release|Win32
		{08798428-1941-4C12-8FD4-D74330E3B9D4}.Debug|Any CPU.ActiveCfg = Debug|x64
		{08798428-1941-4C12-8FD4-D74330E3B9D4}.Debug|Any CPU.Build.0 = Debug|x64
		{08798428-1941-4C12-8FD4-D74330E3B9D4}.Debug|x64.ActiveCfg = Debug|x64
		{08798428-1941-4C12-8FD4-D74330E3B9D4}.Debug|x64.Build.0 = Debug|x64
		{08798428-1941-4C12-8FD4-D74330E3B9D4}.Debug|x86.ActiveCfg = Debug|Win32
		{08798428-1941-4C12-8FD4-D74330E3B9D4}.Debug|x86.Build.0 = Debug|Win32
		{08798428-1941-4C12-8FD4-D74330E3B9D4}.Release|Any CPU.ActiveCfg = Release|x64
		{08798428-1941-4C12-8FD4-D74330E3B9D4}.Release|Any CPU.Build.0 = Release|x64
		{08798428-1941-4C12-8FD4-D74330E3B9D4}.Release|x64.ActiveCfg = Release|x64
		{08798428-1941-4C12-8FD4-D74330E3B9D4}.Release|x64.Build.0 = Release|x64
		{08798428-1941-4C12-8FD4-D74330E3B9D4}.Release|x86.ActiveCfg = Release|Win32
		{08798428-1941-4C12-8FD4-D74330E3B9D4}.Release|x86.Build.0 = Release|Win32
		{6C4F7AB0-CE9B-453D-8E27-6872F2F188D2}.Debug|Any CPU.ActiveCfg = Debug|Any CPU
		{6C4F7AB0-CE9B-453D-8E27-6872F2F188D2}.Debug|x64.ActiveCfg = Debug|Any CPU
		{6C4F7AB0-CE9B-453D-8E27-6872F2F188D2}.Debug|x86.ActiveCfg = Debug|Any CPU
		{6C4F7AB0-CE9B-453D-8E27-6872F2F188D2}.Release|Any CPU.ActiveCfg = Release|Any CPU
		{6C4F7AB0-CE9B-453D-8E27-6872F2F188D2}.Release|x64.ActiveCfg = Release|Any CPU
		{6C4F7AB0-CE9B-453D-8E27-6872F2F188D2}.Release|x86.ActiveCfg = Release|Any CPU
		{BA6ADF83-634B-4671-86C2-BC49D1A95CE1}.Debug|Any CPU.ActiveCfg = Debug|Any CPU
		{BA6ADF83-634B-4671-86C2-BC49D1A95CE1}.Debug|x64.ActiveCfg = Debug|Any CPU
		{BA6ADF83-634B-4671-86C2-BC49D1A95CE1}.Debug|x86.ActiveCfg = Debug|Any CPU
		{BA6ADF83-634B-4671-86C2-BC49D1A95CE1}.Release|Any CPU.ActiveCfg = Release|Any CPU
		{BA6ADF83-634B-4671-86C2-BC49D1A95CE1}.Release|x64.ActiveCfg = Release|Any CPU
		{BA6ADF83-634B-4671-86C2-BC49D1A95CE1}.Release|x86.ActiveCfg = Release|Any CPU
	EndGlobalSection
	GlobalSection(SolutionProperties) = preSolution
		HideSolutionNode = FALSE
	EndGlobalSection
	GlobalSection(ExtensibilityGlobals) = postSolution
		SolutionGuid = {A71C5D9D-718B-450C-85B9-7E1A01C7DEB9}
	EndGlobalSection
EndGlobal
